
Microsoft Visual Studio Solution File, Format Version 12.00
# Visual Studio Version 17
VisualStudioVersion = 17.5.002.0
MinimumVisualStudioVersion = 10.0.40219.1
Project("{2150E333-8FDC-42A3-9474-1A3956D46DE8}") = "prepare", "prepare", "{A9DEAA74-B36A-4911-A261-5560A968A62B}"
EndProject
Project("{9A19103F-16F7-4668-BE54-9A1E7A4F7556}") = "Learning02", "prepare\Learning02\Learning02.csproj", "{F227D1DE-B1FB-4FFC-8543-CE02116DEE20}"
EndProject
Project("{9A19103F-16F7-4668-BE54-9A1E7A4F7556}") = "Learning05", "prepare\Learning05\Learning05.csproj", "{D3CCE300-31CF-4308-9848-96177CA4D33A}"
EndProject
Project("{9A19103F-16F7-4668-BE54-9A1E7A4F7556}") = "Learning04", "prepare\Learning04\Learning04.csproj", "{A3C24C64-456F-4A0C-B6D1-742CA4A8499A}"
EndProject
Project("{9A19103F-16F7-4668-BE54-9A1E7A4F7556}") = "Learning03", "prepare\Learning03\Learning03.csproj", "{103DE10F-0590-4D5C-A1C0-27EAABD5F2CF}"
EndProject
Project("{2150E333-8FDC-42A3-9474-1A3956D46DE8}") = "prove", "prove", "{4E492082-0404-4471-BB08-9A6166808D6D}"
EndProject
Project("{9A19103F-16F7-4668-BE54-9A1E7A4F7556}") = "Develop03", "prove\Develop03\Develop03.csproj", "{768F277D-DEA9-40D9-B201-4C6CA2C5903C}"
EndProject
Project("{9A19103F-16F7-4668-BE54-9A1E7A4F7556}") = "Develop04", "prove\Develop04\Develop04.csproj", "{5804EC36-3C6D-4991-9C1D-DCBDA239BD4A}"
EndProject
Project("{9A19103F-16F7-4668-BE54-9A1E7A4F7556}") = "Develop05", "prove\Develop05\Develop05.csproj", "{F8513A23-ED2E-4F57-B108-B254B2022C18}"
EndProject
Project("{9A19103F-16F7-4668-BE54-9A1E7A4F7556}") = "Develop02", "prove\Develop02\Develop02.csproj", "{AFEB4C33-8DE0-4FB6-9B07-9ADCE59E2FD9}"
EndProject
Project("{2150E333-8FDC-42A3-9474-1A3956D46DE8}") = "sandbox", "sandbox", "{50E7D2FF-69E1-4E75-B3BC-8F41B8988588}"
EndProject
Project("{9A19103F-16F7-4668-BE54-9A1E7A4F7556}") = "Sandbox", "sandbox\Sandbox\Sandbox.csproj", "{77CAC331-1164-4CB5-BD10-DFEC688C4CD5}"
EndProject
Project("{2150E333-8FDC-42A3-9474-1A3956D46DE8}") = "final", "final", "{E962DB06-3539-4E24-8063-35CB43C73882}"
EndProject
Project("{9A19103F-16F7-4668-BE54-9A1E7A4F7556}") = "FinalProject", "final\FinalProject\FinalProject.csproj", "{4095CB86-9DA9-44AF-A1BF-E361451A4748}"
EndProject
Project("{9A19103F-16F7-4668-BE54-9A1E7A4F7556}") = "Foundation1", "final\Foundation1\Foundation1.csproj", "{201A82D3-AFD4-484B-8AEA-162BBF1715D8}"
EndProject
Project("{9A19103F-16F7-4668-BE54-9A1E7A4F7556}") = "Foundation4", "final\Foundation4\Foundation4.csproj", "{87138F7C-64F5-4EE4-82C2-D8E42F76620A}"
EndProject
Project("{9A19103F-16F7-4668-BE54-9A1E7A4F7556}") = "Foundation3", "final\Foundation3\Foundation3.csproj", "{2965B0BA-A8E4-4A2F-AEF4-49257E1C89D6}"
EndProject
Project("{9A19103F-16F7-4668-BE54-9A1E7A4F7556}") = "Foundation2", "final\Foundation2\Foundation2.csproj", "{2E627D79-AA45-49EB-BAEC-30EE09214B23}"
EndProject
Project("{2150E333-8FDC-42A3-9474-1A3956D46DE8}") = "csharp-prep", "csharp-prep", "{89E4B069-E40A-4A5F-B771-93D32A78F24F}"
EndProject
Project("{9A19103F-16F7-4668-BE54-9A1E7A4F7556}") = "Prep1", "csharp-prep\Prep1\Prep1.csproj", "{BE47F6DD-F1CC-47D8-93DE-51E7E2758111}"
EndProject
Project("{9A19103F-16F7-4668-BE54-9A1E7A4F7556}") = "Prep5", "csharp-prep\Prep5\Prep5.csproj", "{5FD66B7A-93BD-4409-8712-5A3F6050B72A}"
EndProject
Project("{9A19103F-16F7-4668-BE54-9A1E7A4F7556}") = "Prep2", "csharp-prep\Prep2\Prep2.csproj", "{9CCA775F-757D-4632-B963-744EF965DAF3}"
EndProject
Project("{9A19103F-16F7-4668-BE54-9A1E7A4F7556}") = "Prep3", "csharp-prep\Prep3\Prep3.csproj", "{1DD79403-919B-41D9-A4AA-3A9E35E0DF74}"
EndProject
Project("{9A19103F-16F7-4668-BE54-9A1E7A4F7556}") = "Prep4", "csharp-prep\Prep4\Prep4.csproj", "{79D7E729-BC62-45CE-9210-958E3BB9950C}"
EndProject
Global
	GlobalSection(SolutionConfigurationPlatforms) = preSolution
		Debug|Any CPU = Debug|Any CPU
		Release|Any CPU = Release|Any CPU
	EndGlobalSection
	GlobalSection(ProjectConfigurationPlatforms) = postSolution
		{F227D1DE-B1FB-4FFC-8543-CE02116DEE20}.Debug|Any CPU.ActiveCfg = Debug|Any CPU
		{F227D1DE-B1FB-4FFC-8543-CE02116DEE20}.Debug|Any CPU.Build.0 = Debug|Any CPU
		{F227D1DE-B1FB-4FFC-8543-CE02116DEE20}.Release|Any CPU.ActiveCfg = Release|Any CPU
		{F227D1DE-B1FB-4FFC-8543-CE02116DEE20}.Release|Any CPU.Build.0 = Release|Any CPU
		{D3CCE300-31CF-4308-9848-96177CA4D33A}.Debug|Any CPU.ActiveCfg = Debug|Any CPU
		{D3CCE300-31CF-4308-9848-96177CA4D33A}.Debug|Any CPU.Build.0 = Debug|Any CPU
		{D3CCE300-31CF-4308-9848-96177CA4D33A}.Release|Any CPU.ActiveCfg = Release|Any CPU
		{D3CCE300-31CF-4308-9848-96177CA4D33A}.Release|Any CPU.Build.0 = Release|Any CPU
		{A3C24C64-456F-4A0C-B6D1-742CA4A8499A}.Debug|Any CPU.ActiveCfg = Debug|Any CPU
		{A3C24C64-456F-4A0C-B6D1-742CA4A8499A}.Debug|Any CPU.Build.0 = Debug|Any CPU
		{A3C24C64-456F-4A0C-B6D1-742CA4A8499A}.Release|Any CPU.ActiveCfg = Release|Any CPU
		{A3C24C64-456F-4A0C-B6D1-742CA4A8499A}.Release|Any CPU.Build.0 = Release|Any CPU
		{103DE10F-0590-4D5C-A1C0-27EAABD5F2CF}.Debug|Any CPU.ActiveCfg = Debug|Any CPU
		{103DE10F-0590-4D5C-A1C0-27EAABD5F2CF}.Debug|Any CPU.Build.0 = Debug|Any CPU
		{103DE10F-0590-4D5C-A1C0-27EAABD5F2CF}.Release|Any CPU.ActiveCfg = Release|Any CPU
		{103DE10F-0590-4D5C-A1C0-27EAABD5F2CF}.Release|Any CPU.Build.0 = Release|Any CPU
		{768F277D-DEA9-40D9-B201-4C6CA2C5903C}.Debug|Any CPU.ActiveCfg = Debug|Any CPU
		{768F277D-DEA9-40D9-B201-4C6CA2C5903C}.Debug|Any CPU.Build.0 = Debug|Any CPU
		{768F277D-DEA9-40D9-B201-4C6CA2C5903C}.Release|Any CPU.ActiveCfg = Release|Any CPU
		{768F277D-DEA9-40D9-B201-4C6CA2C5903C}.Release|Any CPU.Build.0 = Release|Any CPU
		{5804EC36-3C6D-4991-9C1D-DCBDA239BD4A}.Debug|Any CPU.ActiveCfg = Debug|Any CPU
		{5804EC36-3C6D-4991-9C1D-DCBDA239BD4A}.Debug|Any CPU.Build.0 = Debug|Any CPU
		{5804EC36-3C6D-4991-9C1D-DCBDA239BD4A}.Release|Any CPU.ActiveCfg = Release|Any CPU
		{5804EC36-3C6D-4991-9C1D-DCBDA239BD4A}.Release|Any CPU.Build.0 = Release|Any CPU
		{F8513A23-ED2E-4F57-B108-B254B2022C18}.Debug|Any CPU.ActiveCfg = Debug|Any CPU
		{F8513A23-ED2E-4F57-B108-B254B2022C18}.Debug|Any CPU.Build.0 = Debug|Any CPU
		{F8513A23-ED2E-4F57-B108-B254B2022C18}.Release|Any CPU.ActiveCfg = Release|Any CPU
		{F8513A23-ED2E-4F57-B108-B254B2022C18}.Release|Any CPU.Build.0 = Release|Any CPU
		{AFEB4C33-8DE0-4FB6-9B07-9ADCE59E2FD9}.Debug|Any CPU.ActiveCfg = Debug|Any CPU
		{AFEB4C33-8DE0-4FB6-9B07-9ADCE59E2FD9}.Debug|Any CPU.Build.0 = Debug|Any CPU
		{AFEB4C33-8DE0-4FB6-9B07-9ADCE59E2FD9}.Release|Any CPU.ActiveCfg = Release|Any CPU
		{AFEB4C33-8DE0-4FB6-9B07-9ADCE59E2FD9}.Release|Any CPU.Build.0 = Release|Any CPU
		{77CAC331-1164-4CB5-BD10-DFEC688C4CD5}.Debug|Any CPU.ActiveCfg = Debug|Any CPU
		{77CAC331-1164-4CB5-BD10-DFEC688C4CD5}.Debug|Any CPU.Build.0 = Debug|Any CPU
		{77CAC331-1164-4CB5-BD10-DFEC688C4CD5}.Release|Any CPU.ActiveCfg = Release|Any CPU
		{77CAC331-1164-4CB5-BD10-DFEC688C4CD5}.Release|Any CPU.Build.0 = Release|Any CPU
		{4095CB86-9DA9-44AF-A1BF-E361451A4748}.Debug|Any CPU.ActiveCfg = Debug|Any CPU
		{4095CB86-9DA9-44AF-A1BF-E361451A4748}.Debug|Any CPU.Build.0 = Debug|Any CPU
		{4095CB86-9DA9-44AF-A1BF-E361451A4748}.Release|Any CPU.ActiveCfg = Release|Any CPU
		{4095CB86-9DA9-44AF-A1BF-E361451A4748}.Release|Any CPU.Build.0 = Release|Any CPU
		{201A82D3-AFD4-484B-8AEA-162BBF1715D8}.Debug|Any CPU.ActiveCfg = Debug|Any CPU
		{201A82D3-AFD4-484B-8AEA-162BBF1715D8}.Debug|Any CPU.Build.0 = Debug|Any CPU
		{201A82D3-AFD4-484B-8AEA-162BBF1715D8}.Release|Any CPU.ActiveCfg = Release|Any CPU
		{201A82D3-AFD4-484B-8AEA-162BBF1715D8}.Release|Any CPU.Build.0 = Release|Any CPU
		{87138F7C-64F5-4EE4-82C2-D8E42F76620A}.Debug|Any CPU.ActiveCfg = Debug|Any CPU
		{87138F7C-64F5-4EE4-82C2-D8E42F76620A}.Debug|Any CPU.Build.0 = Debug|Any CPU
		{87138F7C-64F5-4EE4-82C2-D8E42F76620A}.Release|Any CPU.ActiveCfg = Release|Any CPU
		{87138F7C-64F5-4EE4-82C2-D8E42F76620A}.Release|Any CPU.Build.0 = Release|Any CPU
		{2965B0BA-A8E4-4A2F-AEF4-49257E1C89D6}.Debug|Any CPU.ActiveCfg = Debug|Any CPU
		{2965B0BA-A8E4-4A2F-AEF4-49257E1C89D6}.Debug|Any CPU.Build.0 = Debug|Any CPU
		{2965B0BA-A8E4-4A2F-AEF4-49257E1C89D6}.Release|Any CPU.ActiveCfg = Release|Any CPU
		{2965B0BA-A8E4-4A2F-AEF4-49257E1C89D6}.Release|Any CPU.Build.0 = Release|Any CPU
		{2E627D79-AA45-49EB-BAEC-30EE09214B23}.Debug|Any CPU.ActiveCfg = Debug|Any CPU
		{2E627D79-AA45-49EB-BAEC-30EE09214B23}.Debug|Any CPU.Build.0 = Debug|Any CPU
		{2E627D79-AA45-49EB-BAEC-30EE09214B23}.Release|Any CPU.ActiveCfg = Release|Any CPU
		{2E627D79-AA45-49EB-BAEC-30EE09214B23}.Release|Any CPU.Build.0 = Release|Any CPU
		{BE47F6DD-F1CC-47D8-93DE-51E7E2758111}.Debug|Any CPU.ActiveCfg = Debug|Any CPU
		{BE47F6DD-F1CC-47D8-93DE-51E7E2758111}.Debug|Any CPU.Build.0 = Debug|Any CPU
		{BE47F6DD-F1CC-47D8-93DE-51E7E2758111}.Release|Any CPU.ActiveCfg = Release|Any CPU
		{BE47F6DD-F1CC-47D8-93DE-51E7E2758111}.Release|Any CPU.Build.0 = Release|Any CPU
		{5FD66B7A-93BD-4409-8712-5A3F6050B72A}.Debug|Any CPU.ActiveCfg = Debug|Any CPU
		{5FD66B7A-93BD-4409-8712-5A3F6050B72A}.Debug|Any CPU.Build.0 = Debug|Any CPU
		{5FD66B7A-93BD-4409-8712-5A3F6050B72A}.Release|Any CPU.ActiveCfg = Release|Any CPU
		{5FD66B7A-93BD-4409-8712-5A3F6050B72A}.Release|Any CPU.Build.0 = Release|Any CPU
		{9CCA775F-757D-4632-B963-744EF965DAF3}.Debug|Any CPU.ActiveCfg = Debug|Any CPU
		{9CCA775F-757D-4632-B963-744EF965DAF3}.Debug|Any CPU.Build.0 = Debug|Any CPU
		{9CCA775F-757D-4632-B963-744EF965DAF3}.Release|Any CPU.ActiveCfg = Release|Any CPU
		{9CCA775F-757D-4632-B963-744EF965DAF3}.Release|Any CPU.Build.0 = Release|Any CPU
		{1DD79403-919B-41D9-A4AA-3A9E35E0DF74}.Debug|Any CPU.ActiveCfg = Debug|Any CPU
		{1DD79403-919B-41D9-A4AA-3A9E35E0DF74}.Debug|Any CPU.Build.0 = Debug|Any CPU
		{1DD79403-919B-41D9-A4AA-3A9E35E0DF74}.Release|Any CPU.ActiveCfg = Release|Any CPU
		{1DD79403-919B-41D9-A4AA-3A9E35E0DF74}.Release|Any CPU.Build.0 = Release|Any CPU
		{79D7E729-BC62-45CE-9210-958E3BB9950C}.Debug|Any CPU.ActiveCfg = Debug|Any CPU
		{79D7E729-BC62-45CE-9210-958E3BB9950C}.Debug|Any CPU.Build.0 = Debug|Any CPU
		{79D7E729-BC62-45CE-9210-958E3BB9950C}.Release|Any CPU.ActiveCfg = Release|Any CPU
		{79D7E729-BC62-45CE-9210-958E3BB9950C}.Release|Any CPU.Build.0 = Release|Any CPU
	EndGlobalSection
	GlobalSection(SolutionProperties) = preSolution
		HideSolutionNode = FALSE
	EndGlobalSection
	GlobalSection(NestedProjects) = preSolution
		{F227D1DE-B1FB-4FFC-8543-CE02116DEE20} = {A9DEAA74-B36A-4911-A261-5560A968A62B}
		{D3CCE300-31CF-4308-9848-96177CA4D33A} = {A9DEAA74-B36A-4911-A261-5560A968A62B}
		{A3C24C64-456F-4A0C-B6D1-742CA4A8499A} = {A9DEAA74-B36A-4911-A261-5560A968A62B}
		{103DE10F-0590-4D5C-A1C0-27EAABD5F2CF} = {A9DEAA74-B36A-4911-A261-5560A968A62B}
		{768F277D-DEA9-40D9-B201-4C6CA2C5903C} = {4E492082-0404-4471-BB08-9A6166808D6D}
		{5804EC36-3C6D-4991-9C1D-DCBDA239BD4A} = {4E492082-0404-4471-BB08-9A6166808D6D}
		{F8513A23-ED2E-4F57-B108-B254B2022C18} = {4E492082-0404-4471-BB08-9A6166808D6D}
		{AFEB4C33-8DE0-4FB6-9B07-9ADCE59E2FD9} = {4E492082-0404-4471-BB08-9A6166808D6D}
		{77CAC331-1164-4CB5-BD10-DFEC688C4CD5} = {50E7D2FF-69E1-4E75-B3BC-8F41B8988588}
		{4095CB86-9DA9-44AF-A1BF-E361451A4748} = {E962DB06-3539-4E24-8063-35CB43C73882}
		{201A82D3-AFD4-484B-8AEA-162BBF1715D8} = {E962DB06-3539-4E24-8063-35CB43C73882}
		{87138F7C-64F5-4EE4-82C2-D8E42F76620A} = {E962DB06-3539-4E24-8063-35CB43C73882}
		{2965B0BA-A8E4-4A2F-AEF4-49257E1C89D6} = {E962DB06-3539-4E24-8063-35CB43C73882}
		{2E627D79-AA45-49EB-BAEC-30EE09214B23} = {E962DB06-3539-4E24-8063-35CB43C73882}
		{BE47F6DD-F1CC-47D8-93DE-51E7E2758111} = {89E4B069-E40A-4A5F-B771-93D32A78F24F}
		{5FD66B7A-93BD-4409-8712-5A3F6050B72A} = {89E4B069-E40A-4A5F-B771-93D32A78F24F}
		{9CCA775F-757D-4632-B963-744EF965DAF3} = {89E4B069-E40A-4A5F-B771-93D32A78F24F}
		{1DD79403-919B-41D9-A4AA-3A9E35E0DF74} = {89E4B069-E40A-4A5F-B771-93D32A78F24F}
		{79D7E729-BC62-45CE-9210-958E3BB9950C} = {89E4B069-E40A-4A5F-B771-93D32A78F24F}
	EndGlobalSection
	GlobalSection(ExtensibilityGlobals) = postSolution
		SolutionGuid = {5ED395A5-D4EE-4B0E-B930-77B33EFB6AF3}
	EndGlobalSection
EndGlobal
